{
  "name": "ireckon",
  "version": "1.0.0",
  "lockfileVersion": 1,
  "requires": true,
  "dependencies": {
    "campaign-bus": {
      "version": "1.0.0",
      "resolved": "https://registry.npmjs.org/campaign-bus/-/campaign-bus-1.0.0.tgz",
      "integrity": "sha512-TxtVa9I/qL9QiREEFcYvA5yW4558Zz7Rwo3pIsjxqWkCW7C5IoqG14C73bEBMZ4GiFHPIfZ3t1g+JvpxgF14vw=="
    }
  }
}
